{
    "hash": "4a4d0e3d6db03e8b6b4b5cc8789e466f",
    "packages": [
        {
            "package": "monolog/monolog",
            "version": "1.0.2"
        },
        {
            "package": "symfony/process",
            "version": "dev-master",
            "alias-pretty-version": "2.1.x-dev",
            "alias-version": "2.1.9999999.9999999-dev"
        },
        {
            "package": "symfony/process",
            "version": "dev-master",
            "alias-pretty-version": "2.1.x-dev",
            "alias-version": "2.1.9999999.9999999-dev"
        },
        {
            "package": "symfony/process",
            "version": "dev-master",
            "source-reference": "f4f101fc7c1adb8b157058dcc1715f28f1d53208"
        }
    ],
    "packages-dev": null,
    "aliases": [

    ],
    "minimum-stability": "dev",
    "stability-flags": {
        "sami/sami": 20
    }
}
