{
    "hash": "e3e991cb131d318e3f9cfa9b358da8db",
    "packages": [
        {
            "package": "monolog/monolog",
            "version": "1.0.2"
        },
        {
            "package": "symfony/process",
            "version": "dev-master",
            "alias-pretty-version": "2.1.x-dev",
            "alias-version": "2.1.9999999.9999999-dev"
        },
        {
            "package": "symfony/process",
            "version": "dev-master",
            "source-reference": "9d4ac6860929f84e68732d1793cd2edb0881d955",
            "commit-date": "1346330945"
        }
    ],
    "packages-dev": [
        {
            "package": "fabpot/php-cs-fixer",
            "version": "dev-master",
            "source-reference": "55701d65622b72cbe0db8d8f9136d36e45b2f7f4",
            "commit-date": "1343202851"
        },
        {
            "package": "nikic/php-parser",
            "version": "dev-master",
            "source-reference": "a590937fdf855169879dac25e9760ff7dd24cfd0",
            "commit-date": "1344357619"
        },
        {
            "package": "pimple/pimple",
            "version": "1.0.0"
        },
        {
            "package": "sami/sami",
            "version": "dev-master",
            "source-reference": "cef4abb9344cb0e6de77de5e01da7359001726f9",
            "commit-date": "1344320326"
        },
        {
            "package": "silex/silex",
            "version": "dev-master",
            "alias-pretty-version": "1.0.x-dev",
            "alias-version": "1.0.9999999.9999999-dev"
        },
        {
            "package": "silex/silex",
            "version": "dev-master",
            "source-reference": "52c6480be194825489f316d30855645dafa7fae4",
            "commit-date": "1346332220"
        },
        {
            "package": "symfony/console",
            "version": "dev-master",
            "alias-pretty-version": "2.1.x-dev",
            "alias-version": "2.1.9999999.9999999-dev"
        },
        {
            "package": "symfony/console",
            "version": "dev-master",
            "source-reference": "v2.1.0-RC2",
            "commit-date": "1345643321"
        },
        {
            "package": "symfony/event-dispatcher",
            "version": "dev-master",
            "alias-pretty-version": "2.1.x-dev",
            "alias-version": "2.1.9999999.9999999-dev"
        },
        {
            "package": "symfony/event-dispatcher",
            "version": "dev-master",
            "source-reference": "v2.1.0-RC2",
            "commit-date": "1345643321"
        },
        {
            "package": "symfony/filesystem",
            "version": "dev-master",
            "alias-pretty-version": "2.1.x-dev",
            "alias-version": "2.1.9999999.9999999-dev"
        },
        {
            "package": "symfony/filesystem",
            "version": "dev-master",
            "source-reference": "v2.1.0-RC2",
            "commit-date": "1345643321"
        },
        {
            "package": "symfony/finder",
            "version": "dev-master",
            "alias-pretty-version": "2.1.x-dev",
            "alias-version": "2.1.9999999.9999999-dev"
        },
        {
            "package": "symfony/finder",
            "version": "dev-master",
            "source-reference": "v2.1.0-RC2",
            "commit-date": "1345643321"
        },
        {
            "package": "symfony/http-foundation",
            "version": "dev-master",
            "alias-pretty-version": "2.1.x-dev",
            "alias-version": "2.1.9999999.9999999-dev"
        },
        {
            "package": "symfony/http-foundation",
            "version": "dev-master",
            "source-reference": "c61c023d2e9e9ad2edcc9227bd0ec5f79d616e18",
            "commit-date": "1346312580"
        },
        {
            "package": "symfony/http-kernel",
            "version": "dev-master",
            "alias-pretty-version": "2.1.x-dev",
            "alias-version": "2.1.9999999.9999999-dev"
        },
        {
            "package": "symfony/http-kernel",
            "version": "dev-master",
            "source-reference": "aeffdc93a69b65dad2f61c917f73c84b8e387ba4",
            "commit-date": "1346143430"
        },
        {
            "package": "symfony/routing",
            "version": "dev-master",
            "alias-pretty-version": "2.1.x-dev",
            "alias-version": "2.1.9999999.9999999-dev"
        },
        {
            "package": "symfony/routing",
            "version": "dev-master",
            "source-reference": "475c0550543c882a7e31b9aca7a5dc0615f59547",
            "commit-date": "1346394981"
        },
        {
            "package": "symfony/yaml",
            "version": "dev-master",
            "alias-pretty-version": "2.1.x-dev",
            "alias-version": "2.1.9999999.9999999-dev"
        },
        {
            "package": "symfony/yaml",
            "version": "dev-master",
            "source-reference": "v2.1.0-RC2",
            "commit-date": "1345643321"
        },
        {
            "package": "twig/twig",
            "version": "dev-master",
            "alias-pretty-version": "1.9.x-dev",
            "alias-version": "1.9.9999999.9999999-dev"
        },
        {
            "package": "twig/twig",
            "version": "dev-master",
            "source-reference": "459720ff3b74ee0c0d159277c6f2f5df89d8a4f6",
            "commit-date": "1346397138"
        }
    ],
    "aliases": [

    ],
    "minimum-stability": "dev",
    "stability-flags": {
        "sami/sami": 20,
        "silex/silex": 20
    }
}
