{
    "hash": "d37af7413f445f2222f52e6e12cae78a",
    "packages": [
        {
            "name": "monolog/monolog",
            "version": "dev-master",
            "source": {
                "type": "git",
                "url": "https://github.com/Seldaek/monolog",
                "reference": "09b3a80cfaf3e323e348a5e817afeee98d5e6b48"
            },
            "dist": {
                "type": "zip",
                "url": "https://github.com/Seldaek/monolog/zipball/09b3a80cfaf3e323e348a5e817afeee98d5e6b48",
                "reference": "09b3a80cfaf3e323e348a5e817afeee98d5e6b48",
                "shasum": ""
            },
            "require": {
                "php": ">=5.3.0"
            },
            "require-dev": {
                "mlehner/gelf-php": "1.0.*"
            },
            "suggest": {
                "mlehner/gelf-php": "Allow sending log messages to a GrayLog2 server",
                "ext-amqp": "Allow sending log messages to an AMQP server (1.0+ required)",
                "ext-mongo": "Allow sending log messages to a MongoDB server"
            },
            "time": "1347983448",
            "type": "library",
            "extra": {
                "branch-alias": {
                    "dev-master": "1.3.x-dev"
                }
            },
            "installation-source": "source",
            "autoload": {
                "psr-0": {
                    "Monolog": "src/"
                }
            },
            "license": [
                "MIT"
            ],
            "authors": [
                {
                    "name": "Jordi Boggiano",
                    "email": "j.boggiano@seld.be",
                    "homepage": "http://seld.be",
                    "role": "Developer"
                }
            ],
            "description": "Logging for PHP 5.3",
            "homepage": "http://github.com/Seldaek/monolog",
            "keywords": [
                "log",
                "logging"
            ]
        },
        {
            "name": "symfony/process",
            "version": "2.1.x-dev",
            "target-dir": "Symfony/Component/Process",
            "source": {
                "type": "git",
                "url": "https://github.com/symfony/Process",
                "reference": "fc5b082e436161427e29652e3316d7def5f7a64f"
            },
            "dist": {
                "type": "zip",
                "url": "https://github.com/symfony/Process/zipball/fc5b082e436161427e29652e3316d7def5f7a64f",
                "reference": "fc5b082e436161427e29652e3316d7def5f7a64f",
                "shasum": ""
            },
            "require": {
                "php": ">=5.3.3"
            },
            "time": "1349553363",
            "type": "library",
            "extra": {
                "branch-alias": {
                    "dev-master": "2.1-dev"
                }
            },
            "installation-source": "source",
            "autoload": {
                "psr-0": {
                    "Symfony\\Component\\Process": ""
                }
            },
            "license": [
                "MIT"
            ],
            "authors": [
                {
                    "name": "Fabien Potencier",
                    "email": "fabien@symfony.com"
                },
                {
                    "name": "Symfony Community",
                    "homepage": "http://symfony.com/contributors"
                }
            ],
            "description": "Symfony Process Component",
            "homepage": "http://symfony.com"
        }
    ],
    "packages-dev": null,
    "aliases": [

    ],
    "minimum-stability": "dev",
    "stability-flags": {
        "sami/sami": 20,
        "silex/silex": 20
    }
}
